// !$*UTF8*$!
{
	archiveVersion = 1;
	classes = {
	};
	objectVersion = 46;
	objects = {

/* Begin PBXBuildFile section */
		525591441AC7293300A7E2B7 /* AppDelegate.swift in Sources */ = {isa = PBXBuildFile; fileRef = 525591431AC7293300A7E2B7 /* AppDelegate.swift */; };
		525591461AC7293300A7E2B7 /* ViewController.swift in Sources */ = {isa = PBXBuildFile; fileRef = 525591451AC7293300A7E2B7 /* ViewController.swift */; };
		525591491AC7293300A7E2B7 /* Main.storyboard in Resources */ = {isa = PBXBuildFile; fileRef = 525591471AC7293300A7E2B7 /* Main.storyboard */; };
		5255914B1AC7293300A7E2B7 /* Images.xcassets in Resources */ = {isa = PBXBuildFile; fileRef = 5255914A1AC7293300A7E2B7 /* Images.xcassets */; };
		5255914E1AC7293300A7E2B7 /* LaunchScreen.xib in Resources */ = {isa = PBXBuildFile; fileRef = 5255914C1AC7293300A7E2B7 /* LaunchScreen.xib */; };
		5255915A1AC7293300A7E2B7 /* SecondAutoLayoutTests.swift in Sources */ = {isa = PBXBuildFile; fileRef = 525591591AC7293300A7E2B7 /* SecondAutoLayoutTests.swift */; };
/* End PBXBuildFile section */

/* Begin PBXContainerItemProxy section */
		525591541AC7293300A7E2B7 /* PBXContainerItemProxy */ = {
			isa = PBXContainerItemProxy;
			containerPortal = 525591361AC7293300A7E2B7 /* Project object */;
			proxyType = 1;
			remoteGlobalIDString = 5255913D1AC7293300A7E2B7;
			remoteInfo = SecondAutoLayout;
		};
/* End PBXContainerItemProxy section */

/* Begin PBXFileReference section */
		5255913E1AC7293300A7E2B7 /* SecondAutoLayout.app */ = {isa = PBXFileReference; explicitFileType = wrapper.application; includeInIndex = 0; path = SecondAutoLayout.app; sourceTree = BUILT_PRODUCTS_DIR; };
		525591421AC7293300A7E2B7 /* Info.plist */ = {isa = PBXFileReference; lastKnownFileType = text.plist.xml; path = Info.plist; sourceTree = "<group>"; };
		525591431AC7293300A7E2B7 /* AppDelegate.swift */ = {isa = PBXFileReference; lastKnownFileType = sourcecode.swift; path = AppDelegate.swift; sourceTree = "<group>"; };
		525591451AC7293300A7E2B7 /* ViewController.swift */ = {isa = PBXFileReference; lastKnownFileType = sourcecode.swift; path = ViewController.swift; sourceTree = "<group>"; };
		525591481AC7293300A7E2B7 /* Base */ = {isa = PBXFileReference; lastKnownFileType = file.storyboard; name = Base; path = Base.lproj/Main.storyboard; sourceTree = "<group>"; };
		5255914A1AC7293300A7E2B7 /* Images.xcassets */ = {isa = PBXFileReference; lastKnownFileType = folder.assetcatalog; path = Images.xcassets; sourceTree = "<group>"; };
		5255914D1AC7293300A7E2B7 /* Base */ = {isa = PBXFileReference; lastKnownFileType = file.xib; name = Base; path = Base.lproj/LaunchScreen.xib; sourceTree = "<group>"; };
		525591531AC7293300A7E2B7 /* SecondAutoLayoutTests.xctest */ = {isa = PBXFileReference; explicitFileType = wrapper.cfbundle; includeInIndex = 0; path = SecondAutoLayoutTests.xctest; sourceTree = BUILT_PRODUCTS_DIR; };
		525591581AC7293300A7E2B7 /* Info.plist */ = {isa = PBXFileReference; lastKnownFileType = text.plist.xml; path = Info.plist; sourceTree = "<group>"; };
		525591591AC7293300A7E2B7 /* SecondAutoLayoutTests.swift */ = {isa = PBXFileReference; lastKnownFileType = sourcecode.swift; path = SecondAutoLayoutTests.swift; sourceTree = "<group>"; };
/* End PBXFileReference section */

/* Begin PBXFrameworksBuildPhase section */
		5255913B1AC7293300A7E2B7 /* Frameworks */ = {
			isa = PBXFrameworksBuildPhase;
			buildActionMask = 2147483647;
			files = (
			);
			runOnlyForDeploymentPostprocessing = 0;
		};
		525591501AC7293300A7E2B7 /* Frameworks */ = {
			isa = PBXFrameworksBuildPhase;
			buildActionMask = 2147483647;
			files = (
			);
			runOnlyForDeploymentPostprocessing = 0;
		};
/* End PBXFrameworksBuildPhase section */

/* Begin PBXGroup section */
		525591351AC7293300A7E2B7 = {
			isa = PBXGroup;
			children = (
				525591401AC7293300A7E2B7 /* SecondAutoLayout */,
				525591561AC7293300A7E2B7 /* SecondAutoLayoutTests */,
				5255913F1AC7293300A7E2B7 /* Products */,
			);
			sourceTree = "<group>";
		};
		5255913F1AC7293300A7E2B7 /* Products */ = {
			isa = PBXGroup;
			children = (
				5255913E1AC7293300A7E2B7 /* SecondAutoLayout.app */,
				525591531AC7293300A7E2B7 /* SecondAutoLayoutTests.xctest */,
			);
			name = Products;
			sourceTree = "<group>";
		};
		525591401AC7293300A7E2B7 /* SecondAutoLayout */ = {
			isa = PBXGroup;
			children = (
				525591431AC7293300A7E2B7 /* AppDelegate.swift */,
				525591451AC7293300A7E2B7 /* ViewController.swift */,
				525591471AC7293300A7E2B7 /* Main.storyboard */,
				5255914A1AC7293300A7E2B7 /* Images.xcassets */,
				5255914C1AC7293300A7E2B7 /* LaunchScreen.xib */,
				525591411AC7293300A7E2B7 /* Supporting Files */,
			);
			path = SecondAutoLayout;
			sourceTree = "<group>";
		};
		525591411AC7293300A7E2B7 /* Supporting Files */ = {
			isa = PBXGroup;
			children = (
				525591421AC7293300A7E2B7 /* Info.plist */,
			);
			name = "Supporting Files";
			sourceTree = "<group>";
		};
		525591561AC7293300A7E2B7 /* SecondAutoLayoutTests */ = {
			isa = PBXGroup;
			children = (
				525591591AC7293300A7E2B7 /* SecondAutoLayoutTests.swift */,
				525591571AC7293300A7E2B7 /* Supporting Files */,
			);
			path = SecondAutoLayoutTests;
			sourceTree = "<group>";
		};
		525591571AC7293300A7E2B7 /* Supporting Files */ = {
			isa = PBXGroup;
			children = (
				525591581AC7293300A7E2B7 /* Info.plist */,
			);
			name = "Supporting Files";
			sourceTree = "<group>";
		};
/* End PBXGroup section */

/* Begin PBXNativeTarget section */
		5255913D1AC7293300A7E2B7 /* SecondAutoLayout */ = {
			isa = PBXNativeTarget;
			buildConfigurationList = 5255915D1AC7293300A7E2B7 /* Build configuration list for PBXNativeTarget "SecondAutoLayout" */;
			buildPhases = (
				5255913A1AC7293300A7E2B7 /* Sources */,
				5255913B1AC7293300A7E2B7 /* Frameworks */,
				5255913C1AC7293300A7E2B7 /* Resources */,
			);
			buildRules = (
			);
			dependencies = (
			);
			name = SecondAutoLayout;
			productName = SecondAutoLayout;
			productReference = 5255913E1AC7293300A7E2B7 /* SecondAutoLayout.app */;
			productType = "com.apple.product-type.application";
		};
		525591521AC7293300A7E2B7 /* SecondAutoLayoutTests */ = {
			isa = PBXNativeTarget;
			buildConfigurationList = 525591601AC7293300A7E2B7 /* Build configuration list for PBXNativeTarget "SecondAutoLayoutTests" */;
			buildPhases = (
				5255914F1AC7293300A7E2B7 /* Sources */,
				525591501AC7293300A7E2B7 /* Frameworks */,
				525591511AC7293300A7E2B7 /* Resources */,
			);
			buildRules = (
			);
			dependencies = (
				525591551AC7293300A7E2B7 /* PBXTargetDependency */,
			);
			name = SecondAutoLayoutTests;
			productName = SecondAutoLayoutTests;
			productReference = 525591531AC7293300A7E2B7 /* SecondAutoLayoutTests.xctest */;
			productType = "com.apple.product-type.bundle.unit-test";
		};
/* End PBXNativeTarget section */

/* Begin PBXProject section */
		525591361AC7293300A7E2B7 /* Project object */ = {
			isa = PBXProject;
			attributes = {
				LastUpgradeCheck = 0620;
				ORGANIZATIONNAME = "Matthew Linaberry";
				TargetAttributes = {
					5255913D1AC7293300A7E2B7 = {
						CreatedOnToolsVersion = 6.2;
					};
					525591521AC7293300A7E2B7 = {
						CreatedOnToolsVersion = 6.2;
						TestTargetID = 5255913D1AC7293300A7E2B7;
					};
				};
			};
			buildConfigurationList = 525591391AC7293300A7E2B7 /* Build configuration list for PBXProject "SecondAutoLayout" */;
			compatibilityVersion = "Xcode 3.2";
			developmentRegion = English;
			hasScannedForEncodings = 0;
			knownRegions = (
				en,
				Base,
			);
			mainGroup = 525591351AC7293300A7E2B7;
			productRefGroup = 5255913F1AC7293300A7E2B7 /* Products */;
			projectDirPath = "";
			projectRoot = "";
			targets = (
				5255913D1AC7293300A7E2B7 /* SecondAutoLayout */,
				525591521AC7293300A7E2B7 /* SecondAutoLayoutTests */,
			);
		};
/* End PBXProject section */

/* Begin PBXResourcesBuildPhase section */
		5255913C1AC7293300A7E2B7 /* Resources */ = {
			isa = PBXResourcesBuildPhase;
			buildActionMask = 2147483647;
			files = (
				525591491AC7293300A7E2B7 /* Main.storyboard in Resources */,
				5255914E1AC7293300A7E2B7 /* LaunchScreen.xib in Resources */,
				5255914B1AC7293300A7E2B7 /* Images.xcassets in Resources */,
			);
			runOnlyForDeploymentPostprocessing = 0;
		};
		525591511AC7293300A7E2B7 /* Resources */ = {
			isa = PBXResourcesBuildPhase;
			buildActionMask = 2147483647;
			files = (
			);
			runOnlyForDeploymentPostprocessing = 0;
		};
/* End PBXResourcesBuildPhase section */

/* Begin PBXSourcesBuildPhase section */
		5255913A1AC7293300A7E2B7 /* Sources */ = {
			isa = PBXSourcesBuildPhase;
			buildActionMask = 2147483647;
			files = (
				525591461AC7293300A7E2B7 /* ViewController.swift in Sources */,
				525591441AC7293300A7E2B7 /* AppDelegate.swift in Sources */,
			);
			runOnlyForDeploymentPostprocessing = 0;
		};
		5255914F1AC7293300A7E2B7 /* Sources */ = {
			isa = PBXSourcesBuildPhase;
			buildActionMask = 2147483647;
			files = (
				5255915A1AC7293300A7E2B7 /* SecondAutoLayoutTests.swift in Sources */,
			);
			runOnlyForDeploymentPostprocessing = 0;
		};
/* End PBXSourcesBuildPhase section */

/* Begin PBXTargetDependency section */
		525591551AC7293300A7E2B7 /* PBXTargetDependency */ = {
			isa = PBXTargetDependency;
			target = 5255913D1AC7293300A7E2B7 /* SecondAutoLayout */;
			targetProxy = 525591541AC7293300A7E2B7 /* PBXContainerItemProxy */;
		};
/* End PBXTargetDependency section */

/* Begin PBXVariantGroup section */
		525591471AC7293300A7E2B7 /* Main.storyboard */ = {
			isa = PBXVariantGroup;
			children = (
				525591481AC7293300A7E2B7 /* Base */,
			);
			name = Main.storyboard;
			sourceTree = "<group>";
		};
		5255914C1AC7293300A7E2B7 /* LaunchScreen.xib */ = {
			isa = PBXVariantGroup;
			children = (
				5255914D1AC7293300A7E2B7 /* Base */,
			);
			name = LaunchScreen.xib;
			sourceTree = "<group>";
		};
/* End PBXVariantGroup section */

/* Begin XCBuildConfiguration section */
		5255915B1AC7293300A7E2B7 /* Debug */ = {
			isa = XCBuildConfiguration;
			buildSettings = {
				ALWAYS_SEARCH_USER_PATHS = NO;
				CLANG_CXX_LANGUAGE_STANDARD = "gnu++0x";
				CLANG_CXX_LIBRARY = "libc++";
				CLANG_ENABLE_MODULES = YES;
				CLANG_ENABLE_OBJC_ARC = YES;
				CLANG_WARN_BOOL_CONVERSION = YES;
				CLANG_WARN_CONSTANT_CONVERSION = YES;
				CLANG_WARN_DIRECT_OBJC_ISA_USAGE = YES_ERROR;
				CLANG_WARN_EMPTY_BODY = YES;
				CLANG_WARN_ENUM_CONVERSION = YES;
				CLANG_WARN_INT_CONVERSION = YES;
				CLANG_WARN_OBJC_ROOT_CLASS = YES_ERROR;
				CLANG_WARN_UNREACHABLE_CODE = YES;
				CLANG_WARN__DUPLICATE_METHOD_MATCH = YES;
				"CODE_SIGN_IDENTITY[sdk=iphoneos*]" = "iPhone Developer";
				COPY_PHASE_STRIP = NO;
				ENABLE_STRICT_OBJC_MSGSEND = YES;
				GCC_C_LANGUAGE_STANDARD = gnu99;
				GCC_DYNAMIC_NO_PIC = NO;
				GCC_OPTIMIZATION_LEVEL = 0;
				GCC_PREPROCESSOR_DEFINITIONS = (
					"DEBUG=1",
					"$(inherited)",
				);
				GCC_SYMBOLS_PRIVATE_EXTERN = NO;
				GCC_WARN_64_TO_32_BIT_CONVERSION = YES;
				GCC_WARN_ABOUT_RETURN_TYPE = YES_ERROR;
				GCC_WARN_UNDECLARED_SELECTOR = YES;
				GCC_WARN_UNINITIALIZED_AUTOS = YES_AGGRESSIVE;
				GCC_WARN_UNUSED_FUNCTION = YES;
				GCC_WARN_UNUSED_VARIABLE = YES;
				IPHONEOS_DEPLOYMENT_TARGET = 8.2;
				MTL_ENABLE_DEBUG_INFO = YES;
				ONLY_ACTIVE_ARCH = YES;
				SDKROOT = iphoneos;
				SWIFT_OPTIMIZATION_LEVEL = "-Onone";
				TARGETED_DEVICE_FAMILY = "1,2";
			};
			name = Debug;
		};
		5255915C1AC7293300A7E2B7 /* Release */ = {
			isa = XCBuildConfiguration;
			buildSettings = {
				ALWAYS_SEARCH_USER_PATHS = NO;
				CLANG_CXX_LANGUAGE_STANDARD = "gnu++0x";
				CLANG_CXX_LIBRARY = "libc++";
				CLANG_ENABLE_MODULES = YES;
				CLANG_ENABLE_OBJC_ARC = YES;
				CLANG_WARN_BOOL_CONVERSION = YES;
				CLANG_WARN_CONSTANT_CONVERSION = YES;
				CLANG_WARN_DIRECT_OBJC_ISA_USAGE = YES_ERROR;
				CLANG_WARN_EMPTY_BODY = YES;
				CLANG_WARN_ENUM_CONVERSION = YES;
				CLANG_WARN_INT_CONVERSION = YES;
				CLANG_WARN_OBJC_ROOT_CLASS = YES_ERROR;
				CLANG_WARN_UNREACHABLE_CODE = YES;
				CLANG_WARN__DUPLICATE_METHOD_MATCH = YES;
				"CODE_SIGN_IDENTITY[sdk=iphoneos*]" = "iPhone Developer";
				COPY_PHASE_STRIP = NO;
				ENABLE_NS_ASSERTIONS = NO;
				ENABLE_STRICT_OBJC_MSGSEND = YES;
				GCC_C_LANGUAGE_STANDARD = gnu99;
				GCC_WARN_64_TO_32_BIT_CONVERSION = YES;
				GCC_WARN_ABOUT_RETURN_TYPE = YES_ERROR;
				GCC_WARN_UNDECLARED_SELECTOR = YES;
				GCC_WARN_UNINITIALIZED_AUTOS = YES_AGGRESSIVE;
				GCC_WARN_UNUSED_FUNCTION = YES;
				GCC_WARN_UNUSED_VARIABLE = YES;
				IPHONEOS_DEPLOYMENT_TARGET = 8.2;
				MTL_ENABLE_DEBUG_INFO = NO;
				SDKROOT = iphoneos;
				TARGETED_DEVICE_FAMILY = "1,2";
				VALIDATE_PRODUCT = YES;
			};
			name = Release;
		};
		5255915E1AC7293300A7E2B7 /* Debug */ = {
			isa = XCBuildConfiguration;
			buildSettings = {
				ASSETCATALOG_COMPILER_APPICON_NAME = AppIcon;
				INFOPLIST_FILE = SecondAutoLayout/Info.plist;
				LD_RUNPATH_SEARCH_PATHS = "$(inherited) @executable_path/Frameworks";
				PRODUCT_NAME = "$(TARGET_NAME)";
			};
			name = Debug;
		};
		5255915F1AC7293300A7E2B7 /* Release */ = {
			isa = XCBuildConfiguration;
			buildSettings = {
				ASSETCATALOG_COMPILER_APPICON_NAME = AppIcon;
				INFOPLIST_FILE = SecondAutoLayout/Info.plist;
				LD_RUNPATH_SEARCH_PATHS = "$(inherited) @executable_path/Frameworks";
				PRODUCT_NAME = "$(TARGET_NAME)";
			};
			name = Release;
		};
		525591611AC7293300A7E2B7 /* Debug */ = {
			isa = XCBuildConfiguration;
			buildSettings = {
				BUNDLE_LOADER = "$(TEST_HOST)";
				FRAMEWORK_SEARCH_PATHS = (
					"$(SDKROOT)/Developer/Library/Frameworks",
					"$(inherited)",
				);
				GCC_PREPROCESSOR_DEFINITIONS = (
					"DEBUG=1",
					"$(inherited)",
				);
				INFOPLIST_FILE = SecondAutoLayoutTests/Info.plist;
				LD_RUNPATH_SEARCH_PATHS = "$(inherited) @executable_path/Frameworks @loader_path/Frameworks";
				PRODUCT_NAME = "$(TARGET_NAME)";
				TEST_HOST = "$(BUILT_PRODUCTS_DIR)/SecondAutoLayout.app/SecondAutoLayout";
			};
			name = Debug;
		};
		525591621AC7293300A7E2B7 /* Release */ = {
			isa = XCBuildConfiguration;
			buildSettings = {
				BUNDLE_LOADER = "$(TEST_HOST)";
				FRAMEWORK_SEARCH_PATHS = (
					"$(SDKROOT)/Developer/Library/Frameworks",
					"$(inherited)",
				);
				INFOPLIST_FILE = SecondAutoLayoutTests/Info.plist;
				LD_RUNPATH_SEARCH_PATHS = "$(inherited) @executable_path/Frameworks @loader_path/Frameworks";
				PRODUCT_NAME = "$(TARGET_NAME)";
				TEST_HOST = "$(BUILT_PRODUCTS_DIR)/SecondAutoLayout.app/SecondAutoLayout";
			};
			name = Release;
		};
/* End XCBuildConfiguration section */

/* Begin XCConfigurationList section */
		525591391AC7293300A7E2B7 /* Build configuration list for PBXProject "SecondAutoLayout" */ = {
			isa = XCConfigurationList;
			buildConfigurations = (
				5255915B1AC7293300A7E2B7 /* Debug */,
				5255915C1AC7293300A7E2B7 /* Release */,
			);
			defaultConfigurationIsVisible = 0;
			defaultConfigurationName = Release;
		};
		5255915D1AC7293300A7E2B7 /* Build configuration list for PBXNativeTarget "SecondAutoLayout" */ = {
			isa = XCConfigurationList;
			buildConfigurations = (
				5255915E1AC7293300A7E2B7 /* Debug */,
				5255915F1AC7293300A7E2B7 /* Release */,
			);
			defaultConfigurationIsVisible = 0;
		};
		525591601AC7293300A7E2B7 /* Build configuration list for PBXNativeTarget "SecondAutoLayoutTests" */ = {
			isa = XCConfigurationList;
			buildConfigurations = (
				525591611AC7293300A7E2B7 /* Debug */,
				525591621AC7293300A7E2B7 /* Release */,
			);
			defaultConfigurationIsVisible = 0;
		};
/* End XCConfigurationList section */
	};
	rootObject = 525591361AC7293300A7E2B7 /* Project object */;
}
